
Microsoft Visual Studio Solution File, Format Version 12.00
# Visual Studio Version 17
VisualStudioVersion = 17.1.32407.343
MinimumVisualStudioVersion = 10.0.40219.1
Project("{9A19103F-16F7-4668-BE54-9A1E7A4F7556}") = "Codecool.HackerNewsClient", "Codecool.HackerNewsClient\Codecool.HackerNewsClient.csproj", "{98DDE5A2-D2E0-49FF-ADBC-7C89A64CA5FA}"
EndProject
Global
	GlobalSection(SolutionConfigurationPlatforms) = preSolution
		Debug|Any CPU = Debug|Any CPU
		Release|Any CPU = Release|Any CPU
	EndGlobalSection
	GlobalSection(ProjectConfigurationPlatforms) = postSolution
		{98DDE5A2-D2E0-49FF-ADBC-7C89A64CA5FA}.Debug|Any CPU.ActiveCfg = Debug|Any CPU
		{98DDE5A2-D2E0-49FF-ADBC-7C89A64CA5FA}.Debug|Any CPU.Build.0 = Debug|Any CPU
		{98DDE5A2-D2E0-49FF-ADBC-7C89A64CA5FA}.Release|Any CPU.ActiveCfg = Release|Any CPU
		{98DDE5A2-D2E0-49FF-ADBC-7C89A64CA5FA}.Release|Any CPU.Build.0 = Release|Any CPU
	EndGlobalSection
	GlobalSection(SolutionProperties) = preSolution
		HideSolutionNode = FALSE
	EndGlobalSection
	GlobalSection(ExtensibilityGlobals) = postSolution
		SolutionGuid = {D0DFB46E-18FC-40FB-B3EA-9870C5DE4450}
	EndGlobalSection
EndGlobal
